
Microsoft Visual Studio Solution File, Format Version 12.00
# Visual Studio Version 17
VisualStudioVersion = 17.5.33530.505
MinimumVisualStudioVersion = 10.0.40219.1
Project("{FAE04EC0-301F-11D3-BF4B-00C04F79EFBC}") = "StudentTeacherDemo.Data", "StudentTeacherDemo.Core\StudentTeacherDemo.Data.csproj", "{363914B7-6855-4E44-A9B8-D648330BC268}"
EndProject
Project("{FAE04EC0-301F-11D3-BF4B-00C04F79EFBC}") = "StudentTeacherDemo.Services", "StudentTeacherDemo.Repo\StudentTeacherDemo.Services.csproj", "{C2674EF4-0516-42D9-9E60-202716E7FDDD}"
EndProject
Project("{FAE04EC0-301F-11D3-BF4B-00C04F79EFBC}") = "StudentTeacherDemo.WebAPI", "StudentTeacherDemo.WebAPI\StudentTeacherDemo.WebAPI.csproj", "{F418BEAA-800A-455E-A381-8BD2BFA1813B}"
EndProject
Global
	GlobalSection(SolutionConfigurationPlatforms) = preSolution
		Debug|Any CPU = Debug|Any CPU
		Release|Any CPU = Release|Any CPU
	EndGlobalSection
	GlobalSection(ProjectConfigurationPlatforms) = postSolution
		{363914B7-6855-4E44-A9B8-D648330BC268}.Debug|Any CPU.ActiveCfg = Debug|Any CPU
		{363914B7-6855-4E44-A9B8-D648330BC268}.Debug|Any CPU.Build.0 = Debug|Any CPU
		{363914B7-6855-4E44-A9B8-D648330BC268}.Release|Any CPU.ActiveCfg = Release|Any CPU
		{363914B7-6855-4E44-A9B8-D648330BC268}.Release|Any CPU.Build.0 = Release|Any CPU
		{C2674EF4-0516-42D9-9E60-202716E7FDDD}.Debug|Any CPU.ActiveCfg = Debug|Any CPU
		{C2674EF4-0516-42D9-9E60-202716E7FDDD}.Debug|Any CPU.Build.0 = Debug|Any CPU
		{C2674EF4-0516-42D9-9E60-202716E7FDDD}.Release|Any CPU.ActiveCfg = Release|Any CPU
		{C2674EF4-0516-42D9-9E60-202716E7FDDD}.Release|Any CPU.Build.0 = Release|Any CPU
		{F418BEAA-800A-455E-A381-8BD2BFA1813B}.Debug|Any CPU.ActiveCfg = Debug|Any CPU
		{F418BEAA-800A-455E-A381-8BD2BFA1813B}.Debug|Any CPU.Build.0 = Debug|Any CPU
		{F418BEAA-800A-455E-A381-8BD2BFA1813B}.Release|Any CPU.ActiveCfg = Release|Any CPU
		{F418BEAA-800A-455E-A381-8BD2BFA1813B}.Release|Any CPU.Build.0 = Release|Any CPU
	EndGlobalSection
	GlobalSection(SolutionProperties) = preSolution
		HideSolutionNode = FALSE
	EndGlobalSection
	GlobalSection(ExtensibilityGlobals) = postSolution
		SolutionGuid = {7BA016F0-B1C6-43F1-942C-8D254F67B8BE}
	EndGlobalSection
EndGlobal
